
Microsoft Visual Studio Solution File, Format Version 12.00
# Visual Studio Version 16
VisualStudioVersion = 16.0.28803.202
MinimumVisualStudioVersion = 10.0.40219.1
Project("{FAE04EC0-301F-11D3-BF4B-00C04F79EFBC}") = "GradientGenerator", "GradientGenerator.csproj", "{3CE816D7-5696-4734-B2B6-6947520C7023}"
EndProject
Global
	GlobalSection(SolutionConfigurationPlatforms) = preSolution
		Debug|Any CPU = Debug|Any CPU
		Release|Any CPU = Release|Any CPU
	EndGlobalSection
	GlobalSection(ProjectConfigurationPlatforms) = postSolution
		{3CE816D7-5696-4734-B2B6-6947520C7023}.Debug|Any CPU.ActiveCfg = Debug|Any CPU
		{3CE816D7-5696-4734-B2B6-6947520C7023}.Debug|Any CPU.Build.0 = Debug|Any CPU
		{3CE816D7-5696-4734-B2B6-6947520C7023}.Release|Any CPU.ActiveCfg = Release|Any CPU
		{3CE816D7-5696-4734-B2B6-6947520C7023}.Release|Any CPU.Build.0 = Release|Any CPU
	EndGlobalSection
	GlobalSection(SolutionProperties) = preSolution
		HideSolutionNode = FALSE
	EndGlobalSection
	GlobalSection(ExtensibilityGlobals) = postSolution
		SolutionGuid = {28B25EBB-1C83-4C4A-9F0A-D413E34E3CA6}
	EndGlobalSection
EndGlobal
